
Microsoft Visual Studio Solution File, Format Version 12.00
# Visual Studio Version 17
VisualStudioVersion = 17.8.34330.188
MinimumVisualStudioVersion = 10.0.40219.1
Project("{FAE04EC0-301F-11D3-BF4B-00C04F79EFBC}") = "CoffeeShop", "CoffeeShop\CoffeeShop.csproj", "{664200DE-1954-4175-B5FF-FB8B118AF359}"
EndProject
Global
	GlobalSection(SolutionConfigurationPlatforms) = preSolution
		Debug|Any CPU = Debug|Any CPU
		Release|Any CPU = Release|Any CPU
	EndGlobalSection
	GlobalSection(ProjectConfigurationPlatforms) = postSolution
		{664200DE-1954-4175-B5FF-FB8B118AF359}.Debug|Any CPU.ActiveCfg = Debug|Any CPU
		{664200DE-1954-4175-B5FF-FB8B118AF359}.Debug|Any CPU.Build.0 = Debug|Any CPU
		{664200DE-1954-4175-B5FF-FB8B118AF359}.Release|Any CPU.ActiveCfg = Release|Any CPU
		{664200DE-1954-4175-B5FF-FB8B118AF359}.Release|Any CPU.Build.0 = Release|Any CPU
	EndGlobalSection
	GlobalSection(SolutionProperties) = preSolution
		HideSolutionNode = FALSE
	EndGlobalSection
	GlobalSection(ExtensibilityGlobals) = postSolution
		SolutionGuid = {D021554D-1B90-4CC0-9442-84ABA2E17416}
	EndGlobalSection
EndGlobal
